
Microsoft Visual Studio Solution File, Format Version 12.00
# Visual Studio Version 16
VisualStudioVersion = 16.0.31424.327
MinimumVisualStudioVersion = 10.0.40219.1
Project("{FAE04EC0-301F-11D3-BF4B-00C04F79EFBC}") = "cotaçao", "cotaçao\cotaçao.csproj", "{374BE4EA-60B8-42D0-910A-08A854B82888}"
EndProject
Global
	GlobalSection(SolutionConfigurationPlatforms) = preSolution
		Debug|Any CPU = Debug|Any CPU
		Release|Any CPU = Release|Any CPU
	EndGlobalSection
	GlobalSection(ProjectConfigurationPlatforms) = postSolution
		{374BE4EA-60B8-42D0-910A-08A854B82888}.Debug|Any CPU.ActiveCfg = Debug|Any CPU
		{374BE4EA-60B8-42D0-910A-08A854B82888}.Debug|Any CPU.Build.0 = Debug|Any CPU
		{374BE4EA-60B8-42D0-910A-08A854B82888}.Release|Any CPU.ActiveCfg = Release|Any CPU
		{374BE4EA-60B8-42D0-910A-08A854B82888}.Release|Any CPU.Build.0 = Release|Any CPU
	EndGlobalSection
	GlobalSection(SolutionProperties) = preSolution
		HideSolutionNode = FALSE
	EndGlobalSection
	GlobalSection(ExtensibilityGlobals) = postSolution
		SolutionGuid = {55F16B95-4889-4895-8559-6DD1B1C7CB0F}
	EndGlobalSection
EndGlobal
